
Microsoft Visual Studio Solution File, Format Version 12.00
# Visual Studio Version 16
VisualStudioVersion = 16.0.30413.136
MinimumVisualStudioVersion = 10.0.40219.1
Project("{8BC9CEB8-8B4A-11D0-8D11-00A0C91BC942}") = "ChatServer", "ChatServer.vcxproj", "{B19B22D7-FD0A-4379-9662-1B98EFD8F406}"
EndProject
Project("{8BC9CEB8-8B4A-11D0-8D11-00A0C91BC942}") = "NetworkLib", "..\NetworkLib\NetworkLib.vcxproj", "{3E7406DE-DEE5-499B-A7AA-DDCF3869989F}"
EndProject
Global
	GlobalSection(SolutionConfigurationPlatforms) = preSolution
		Debug|x64 = Debug|x64
		Debug|x86 = Debug|x86
		Release|x64 = Release|x64
		Release|x86 = Release|x86
	EndGlobalSection
	GlobalSection(ProjectConfigurationPlatforms) = postSolution
		{B19B22D7-FD0A-4379-9662-1B98EFD8F406}.Debug|x64.ActiveCfg = Debug|x64
		{B19B22D7-FD0A-4379-9662-1B98EFD8F406}.Debug|x64.Build.0 = Debug|x64
		{B19B22D7-FD0A-4379-9662-1B98EFD8F406}.Debug|x86.ActiveCfg = Debug|Win32
		{B19B22D7-FD0A-4379-9662-1B98EFD8F406}.Debug|x86.Build.0 = Debug|Win32
		{B19B22D7-FD0A-4379-9662-1B98EFD8F406}.Release|x64.ActiveCfg = Release|x64
		{B19B22D7-FD0A-4379-9662-1B98EFD8F406}.Release|x64.Build.0 = Release|x64
		{B19B22D7-FD0A-4379-9662-1B98EFD8F406}.Release|x86.ActiveCfg = Release|Win32
		{B19B22D7-FD0A-4379-9662-1B98EFD8F406}.Release|x86.Build.0 = Release|Win32
		{3E7406DE-DEE5-499B-A7AA-DDCF3869989F}.Debug|x64.ActiveCfg = Debug|x64
		{3E7406DE-DEE5-499B-A7AA-DDCF3869989F}.Debug|x64.Build.0 = Debug|x64
		{3E7406DE-DEE5-499B-A7AA-DDCF3869989F}.Debug|x86.ActiveCfg = Debug|Win32
		{3E7406DE-DEE5-499B-A7AA-DDCF3869989F}.Debug|x86.Build.0 = Debug|Win32
		{3E7406DE-DEE5-499B-A7AA-DDCF3869989F}.Release|x64.ActiveCfg = Release|x64
		{3E7406DE-DEE5-499B-A7AA-DDCF3869989F}.Release|x64.Build.0 = Release|x64
		{3E7406DE-DEE5-499B-A7AA-DDCF3869989F}.Release|x86.ActiveCfg = Release|Win32
		{3E7406DE-DEE5-499B-A7AA-DDCF3869989F}.Release|x86.Build.0 = Release|Win32
	EndGlobalSection
	GlobalSection(SolutionProperties) = preSolution
		HideSolutionNode = FALSE
	EndGlobalSection
	GlobalSection(ExtensibilityGlobals) = postSolution
		SolutionGuid = {7FC2DA1D-50FC-499E-8027-8FEF9837D43D}
	EndGlobalSection
EndGlobal
